// !$*UTF8*$!
{
	archiveVersion = 1;
	classes = {
	};
	objectVersion = 77;
	objects = {

/* Begin PBXBuildFile section */
		497EEC065FB874CA65684A5D /* Assets.xcassets in Resources */ = {isa = PBXBuildFile; fileRef = D52818D4D58A1F7AB45BEFA9 /* Assets.xcassets */; };
		6B6D254E9D96A11A73CE6D63 /* quotes.json in Resources */ = {isa = PBXBuildFile; fileRef = 5BF0E69DBCE32B6EA9F327BC /* quotes.json */; };
		8532C43098D4E17FAFECE715 /* QuoteDataService.swift in Sources */ = {isa = PBXBuildFile; fileRef = 32614220C624179BC7DDE167 /* QuoteDataService.swift */; };
		88FC42EDAED55666B56DC117 /* QuoteApp.swift in Sources */ = {isa = PBXBuildFile; fileRef = 7CDBF6A3496B57136563A44C /* QuoteApp.swift */; };
		B6E3893E858F2BA9F63B3AFE /* Quote.swift in Sources */ = {isa = PBXBuildFile; fileRef = 0588859AAA1BDC9EDFA02F1A /* Quote.swift */; };
		C8927FF2E082DFA55CB9076B /* NotificationService.swift in Sources */ = {isa = PBXBuildFile; fileRef = D0988DDC9D8C320B12408AC2 /* NotificationService.swift */; };
		D3114E34322D02274F7E5B29 /* UserSettings.swift in Sources */ = {isa = PBXBuildFile; fileRef = 265E414951F9D551F4EBD291 /* UserSettings.swift */; };
		D74CAE7D1E938E01ADC185B4 /* ContentView.swift in Sources */ = {isa = PBXBuildFile; fileRef = B68B5DF5A8B2A5D6E20F78D6 /* ContentView.swift */; };
/* End PBXBuildFile section */

/* Begin PBXFileReference section */
		0588859AAA1BDC9EDFA02F1A /* Quote.swift */ = {isa = PBXFileReference; includeInIndex = 1; lastKnownFileType = sourcecode.swift; name = Quote.swift; path = Sources/Models/Quote.swift; sourceTree = SOURCE_ROOT; };
		265E414951F9D551F4EBD291 /* UserSettings.swift */ = {isa = PBXFileReference; includeInIndex = 1; lastKnownFileType = sourcecode.swift; name = UserSettings.swift; path = Sources/Services/UserSettings.swift; sourceTree = SOURCE_ROOT; };
		32614220C624179BC7DDE167 /* QuoteDataService.swift */ = {isa = PBXFileReference; includeInIndex = 1; lastKnownFileType = sourcecode.swift; name = QuoteDataService.swift; path = Sources/Services/QuoteDataService.swift; sourceTree = SOURCE_ROOT; };
		568C076745E7EC779A7AB218 /* RevenueCatManager.swift */ = {isa = PBXFileReference; includeInIndex = 1; lastKnownFileType = sourcecode.swift; name = RevenueCatManager.swift; path = Sources/Services/RevenueCatManager.swift; sourceTree = SOURCE_ROOT; };
		5BF0E69DBCE32B6EA9F327BC /* quotes.json */ = {isa = PBXFileReference; includeInIndex = 1; name = quotes.json; path = Sources/Resources/quotes.json; sourceTree = SOURCE_ROOT; };
		6F03FD8DFF630AEA21657408 /* PurchaseManager.swift */ = {isa = PBXFileReference; includeInIndex = 1; lastKnownFileType = sourcecode.swift; name = PurchaseManager.swift; path = Sources/Services/PurchaseManager.swift; sourceTree = SOURCE_ROOT; };
		7846F862AA72D4E7990FE3E4 /* ArchiveView.swift */ = {isa = PBXFileReference; includeInIndex = 1; lastKnownFileType = sourcecode.swift; name = ArchiveView.swift; path = Sources/Views/ArchiveView.swift; sourceTree = SOURCE_ROOT; };
		7CDBF6A3496B57136563A44C /* QuoteApp.swift */ = {isa = PBXFileReference; lastKnownFileType = sourcecode.swift; path = QuoteApp.swift; sourceTree = "<group>"; };
		91E801ECD807E9A53EA60F63 /* TodayQuoteView.swift */ = {isa = PBXFileReference; includeInIndex = 1; lastKnownFileType = sourcecode.swift; name = TodayQuoteView.swift; path = Sources/Views/TodayQuoteView.swift; sourceTree = SOURCE_ROOT; };
		978434FE634F70624453B472 /* ShareManager.swift */ = {isa = PBXFileReference; includeInIndex = 1; lastKnownFileType = sourcecode.swift; name = ShareManager.swift; path = Sources/Services/ShareManager.swift; sourceTree = SOURCE_ROOT; };
		995A67F57D95441D073575A4 /* FavoritesView.swift */ = {isa = PBXFileReference; includeInIndex = 1; lastKnownFileType = sourcecode.swift; name = FavoritesView.swift; path = Sources/Views/FavoritesView.swift; sourceTree = SOURCE_ROOT; };
		B110E025521FCF75F164DCF1 /* MainView.swift */ = {isa = PBXFileReference; lastKnownFileType = sourcecode.swift; path = MainView.swift; sourceTree = "<group>"; };
		B68B5DF5A8B2A5D6E20F78D6 /* ContentView.swift */ = {isa = PBXFileReference; includeInIndex = 1; lastKnownFileType = sourcecode.swift; name = ContentView.swift; path = Sources/Views/ContentView.swift; sourceTree = SOURCE_ROOT; };
		CBDDD2296983E1EF93CB4A54 /* QuoteApp.app */ = {isa = PBXFileReference; includeInIndex = 0; lastKnownFileType = wrapper.application; path = QuoteApp.app; sourceTree = BUILT_PRODUCTS_DIR; };
		D0988DDC9D8C320B12408AC2 /* NotificationService.swift */ = {isa = PBXFileReference; includeInIndex = 1; lastKnownFileType = sourcecode.swift; name = NotificationService.swift; path = Sources/Services/NotificationService.swift; sourceTree = SOURCE_ROOT; };
		D1DE4433C0AF367F586BE835 /* SettingsView.swift */ = {isa = PBXFileReference; includeInIndex = 1; lastKnownFileType = sourcecode.swift; name = SettingsView.swift; path = Sources/Views/SettingsView.swift; sourceTree = SOURCE_ROOT; };
		D52818D4D58A1F7AB45BEFA9 /* Assets.xcassets */ = {isa = PBXFileReference; lastKnownFileType = folder.assetcatalog; path = Assets.xcassets; sourceTree = "<group>"; };
		D590EFDF20696FC35D5DC06F /* ImageGenerator.swift */ = {isa = PBXFileReference; includeInIndex = 1; lastKnownFileType = sourcecode.swift; name = ImageGenerator.swift; path = Sources/Utilities/ImageGenerator.swift; sourceTree = SOURCE_ROOT; };
		F97436779F587EA80AF34651 /* PremiumView.swift */ = {isa = PBXFileReference; includeInIndex = 1; lastKnownFileType = sourcecode.swift; name = PremiumView.swift; path = Sources/Views/PremiumView.swift; sourceTree = SOURCE_ROOT; };
/* End PBXFileReference section */

/* Begin PBXGroup section */
		05C34A80E2706DDA7A1F8029 = {
			isa = PBXGroup;
			children = (
				890CC44DDA869B26D7B2D9CD /* Sources */,
				48BA63277649980E71F6E33F /* Products */,
			);
			sourceTree = "<group>";
		};
		086F49F25E6E37A48B5AA026 /* Resources */ = {
			isa = PBXGroup;
			children = (
				5BF0E69DBCE32B6EA9F327BC /* quotes.json */,
			);
			name = Resources;
			sourceTree = "<group>";
		};
		44AC6838D5414F049898B29F /* Sources */ = {
			isa = PBXGroup;
			children = (
				086F49F25E6E37A48B5AA026 /* Resources */,
			);
			name = Sources;
			sourceTree = "<group>";
		};
		48BA63277649980E71F6E33F /* Products */ = {
			isa = PBXGroup;
			children = (
				CBDDD2296983E1EF93CB4A54 /* QuoteApp.app */,
			);
			name = Products;
			sourceTree = "<group>";
		};
		890CC44DDA869B26D7B2D9CD /* Sources */ = {
			isa = PBXGroup;
			children = (
				D52818D4D58A1F7AB45BEFA9 /* Assets.xcassets */,
				B110E025521FCF75F164DCF1 /* MainView.swift */,
				7CDBF6A3496B57136563A44C /* QuoteApp.swift */,
				0588859AAA1BDC9EDFA02F1A /* Quote.swift */,
				D590EFDF20696FC35D5DC06F /* ImageGenerator.swift */,
				995A67F57D95441D073575A4 /* FavoritesView.swift */,
				D1DE4433C0AF367F586BE835 /* SettingsView.swift */,
				7846F862AA72D4E7990FE3E4 /* ArchiveView.swift */,
				91E801ECD807E9A53EA60F63 /* TodayQuoteView.swift */,
				F97436779F587EA80AF34651 /* PremiumView.swift */,
				B68B5DF5A8B2A5D6E20F78D6 /* ContentView.swift */,
				32614220C624179BC7DDE167 /* QuoteDataService.swift */,
				568C076745E7EC779A7AB218 /* RevenueCatManager.swift */,
				D0988DDC9D8C320B12408AC2 /* NotificationService.swift */,
				978434FE634F70624453B472 /* ShareManager.swift */,
				265E414951F9D551F4EBD291 /* UserSettings.swift */,
				6F03FD8DFF630AEA21657408 /* PurchaseManager.swift */,
				A657BBC7F476BDC6AEB258E8 /* Sources */,
			);
			path = Sources;
			sourceTree = "<group>";
		};
		A657BBC7F476BDC6AEB258E8 /* Sources */ = {
			isa = PBXGroup;
			children = (
				44AC6838D5414F049898B29F /* Sources */,
			);
			name = Sources;
			sourceTree = "<group>";
		};
/* End PBXGroup section */

/* Begin PBXNativeTarget section */
		8FC3DC1659CA50794E3AA60E /* QuoteApp */ = {
			isa = PBXNativeTarget;
			buildConfigurationList = 7469ACCAA340714B599ACE68 /* Build configuration list for PBXNativeTarget "QuoteApp" */;
			buildPhases = (
				2A6507BAAB6F3BE4B56EE6EC /* Sources */,
				385C4C06544AE893D9705575 /* Resources */,
			);
			buildRules = (
			);
			dependencies = (
			);
			name = QuoteApp;
			packageProductDependencies = (
				5A9E86860295E0E435C4C7AE /* RevenueCat */,
			);
			productName = QuoteApp;
			productReference = CBDDD2296983E1EF93CB4A54 /* QuoteApp.app */;
			productType = "com.apple.product-type.application";
		};
/* End PBXNativeTarget section */

/* Begin PBXProject section */
		D32DD8D8B033D305E062BCD7 /* Project object */ = {
			isa = PBXProject;
			attributes = {
				BuildIndependentTargetsInParallel = YES;
				LastUpgradeCheck = 1430;
			};
			buildConfigurationList = 96229B68A584E0E0463CDFC7 /* Build configuration list for PBXProject "QuoteApp" */;
			compatibilityVersion = "Xcode 14.0";
			developmentRegion = en;
			hasScannedForEncodings = 0;
			knownRegions = (
				Base,
				en,
			);
			mainGroup = 05C34A80E2706DDA7A1F8029;
			minimizedProjectReferenceProxies = 1;
			packageReferences = (
				B9773BF3654FC86B7E25AF8A /* XCRemoteSwiftPackageReference "purchases-ios" */,
			);
			preferredProjectObjectVersion = 77;
			productRefGroup = 48BA63277649980E71F6E33F /* Products */;
			projectDirPath = "";
			projectRoot = "";
			targets = (
				8FC3DC1659CA50794E3AA60E /* QuoteApp */,
			);
		};
/* End PBXProject section */

/* Begin PBXResourcesBuildPhase section */
		385C4C06544AE893D9705575 /* Resources */ = {
			isa = PBXResourcesBuildPhase;
			buildActionMask = 2147483647;
			files = (
				497EEC065FB874CA65684A5D /* Assets.xcassets in Resources */,
				6B6D254E9D96A11A73CE6D63 /* quotes.json in Resources */,
			);
			runOnlyForDeploymentPostprocessing = 0;
		};
/* End PBXResourcesBuildPhase section */

/* Begin PBXSourcesBuildPhase section */
		2A6507BAAB6F3BE4B56EE6EC /* Sources */ = {
			isa = PBXSourcesBuildPhase;
			buildActionMask = 2147483647;
			files = (
				88FC42EDAED55666B56DC117 /* QuoteApp.swift in Sources */,
				B6E3893E858F2BA9F63B3AFE /* Quote.swift in Sources */,
				D74CAE7D1E938E01ADC185B4 /* ContentView.swift in Sources */,
				8532C43098D4E17FAFECE715 /* QuoteDataService.swift in Sources */,
				C8927FF2E082DFA55CB9076B /* NotificationService.swift in Sources */,
				D3114E34322D02274F7E5B29 /* UserSettings.swift in Sources */,
			);
			runOnlyForDeploymentPostprocessing = 0;
		};
/* End PBXSourcesBuildPhase section */

/* Begin XCBuildConfiguration section */
		4AD789C12309C2B3DE5C6CF6 /* Release */ = {
			isa = XCBuildConfiguration;
			buildSettings = {
				ASSETCATALOG_COMPILER_APPICON_NAME = AppIcon;
				CODE_SIGN_IDENTITY = "iPhone Developer";
				GENERATE_INFOPLIST_FILE = YES;
				INFOPLIST_KEY_UILaunchScreen_Generation = YES;
				IPHONEOS_DEPLOYMENT_TARGET = 17.0;
				LD_RUNPATH_SEARCH_PATHS = (
					"$(inherited)",
					"@executable_path/Frameworks",
				);
				PRODUCT_BUNDLE_IDENTIFIER = com.antigravity.QuoteApp;
				SDKROOT = iphoneos;
				SWIFT_VERSION = 5.0;
				TARGETED_DEVICE_FAMILY = 1;
			};
			name = Release;
		};
		94A5C34407E527E61C80A706 /* Debug */ = {
			isa = XCBuildConfiguration;
			buildSettings = {
				ASSETCATALOG_COMPILER_APPICON_NAME = AppIcon;
				CODE_SIGN_IDENTITY = "iPhone Developer";
				GENERATE_INFOPLIST_FILE = YES;
				INFOPLIST_KEY_UILaunchScreen_Generation = YES;
				IPHONEOS_DEPLOYMENT_TARGET = 17.0;
				LD_RUNPATH_SEARCH_PATHS = (
					"$(inherited)",
					"@executable_path/Frameworks",
				);
				PRODUCT_BUNDLE_IDENTIFIER = com.antigravity.QuoteApp;
				SDKROOT = iphoneos;
				SWIFT_VERSION = 5.0;
				TARGETED_DEVICE_FAMILY = 1;
			};
			name = Debug;
		};
		C34289D2425DA3A365C6329F /* Debug */ = {
			isa = XCBuildConfiguration;
			buildSettings = {
				ALWAYS_SEARCH_USER_PATHS = NO;
				CLANG_ANALYZER_NONNULL = YES;
				CLANG_ANALYZER_NUMBER_OBJECT_CONVERSION = YES_AGGRESSIVE;
				CLANG_CXX_LANGUAGE_STANDARD = "gnu++14";
				CLANG_CXX_LIBRARY = "libc++";
				CLANG_ENABLE_MODULES = YES;
				CLANG_ENABLE_OBJC_ARC = YES;
				CLANG_ENABLE_OBJC_WEAK = YES;
				CLANG_WARN_BLOCK_CAPTURE_AUTORELEASING = YES;
				CLANG_WARN_BOOL_CONVERSION = YES;
				CLANG_WARN_COMMA = YES;
				CLANG_WARN_CONSTANT_CONVERSION = YES;
				CLANG_WARN_DEPRECATED_OBJC_IMPLEMENTATIONS = YES;
				CLANG_WARN_DIRECT_OBJC_ISA_USAGE = YES_ERROR;
				CLANG_WARN_DOCUMENTATION_COMMENTS = YES;
				CLANG_WARN_EMPTY_BODY = YES;
				CLANG_WARN_ENUM_CONVERSION = YES;
				CLANG_WARN_INFINITE_RECURSION = YES;
				CLANG_WARN_INT_CONVERSION = YES;
				CLANG_WARN_NON_LITERAL_NULL_CONVERSION = YES;
				CLANG_WARN_OBJC_IMPLICIT_RETAIN_SELF = YES;
				CLANG_WARN_OBJC_LITERAL_CONVERSION = YES;
				CLANG_WARN_OBJC_ROOT_CLASS = YES_ERROR;
				CLANG_WARN_QUOTED_INCLUDE_IN_FRAMEWORK_HEADER = YES;
				CLANG_WARN_RANGE_LOOP_ANALYSIS = YES;
				CLANG_WARN_STRICT_PROTOTYPES = YES;
				CLANG_WARN_SUSPICIOUS_MOVE = YES;
				CLANG_WARN_UNGUARDED_AVAILABILITY = YES_AGGRESSIVE;
				CLANG_WARN_UNREACHABLE_CODE = YES;
				CLANG_WARN__DUPLICATE_METHOD_MATCH = YES;
				COPY_PHASE_STRIP = NO;
				DEBUG_INFORMATION_FORMAT = dwarf;
				ENABLE_STRICT_OBJC_MSGSEND = YES;
				ENABLE_TESTABILITY = YES;
				GCC_C_LANGUAGE_STANDARD = gnu11;
				GCC_DYNAMIC_NO_PIC = NO;
				GCC_NO_COMMON_BLOCKS = YES;
				GCC_OPTIMIZATION_LEVEL = 0;
				GCC_PREPROCESSOR_DEFINITIONS = (
					"$(inherited)",
					"DEBUG=1",
				);
				GCC_WARN_64_TO_32_BIT_CONVERSION = YES;
				GCC_WARN_ABOUT_RETURN_TYPE = YES_ERROR;
				GCC_WARN_UNDECLARED_SELECTOR = YES;
				GCC_WARN_UNINITIALIZED_AUTOS = YES_AGGRESSIVE;
				GCC_WARN_UNUSED_FUNCTION = YES;
				GCC_WARN_UNUSED_VARIABLE = YES;
				IPHONEOS_DEPLOYMENT_TARGET = 17.0;
				MTL_ENABLE_DEBUG_INFO = INCLUDE_SOURCE;
				MTL_FAST_MATH = YES;
				ONLY_ACTIVE_ARCH = YES;
				PRODUCT_NAME = "$(TARGET_NAME)";
				SDKROOT = iphoneos;
				SWIFT_ACTIVE_COMPILATION_CONDITIONS = DEBUG;
				SWIFT_OPTIMIZATION_LEVEL = "-Onone";
				SWIFT_VERSION = 5.0;
			};
			name = Debug;
		};
		EC2FB3700BB3CAAE6E4764B7 /* Release */ = {
			isa = XCBuildConfiguration;
			buildSettings = {
				ALWAYS_SEARCH_USER_PATHS = NO;
				CLANG_ANALYZER_NONNULL = YES;
				CLANG_ANALYZER_NUMBER_OBJECT_CONVERSION = YES_AGGRESSIVE;
				CLANG_CXX_LANGUAGE_STANDARD = "gnu++14";
				CLANG_CXX_LIBRARY = "libc++";
				CLANG_ENABLE_MODULES = YES;
				CLANG_ENABLE_OBJC_ARC = YES;
				CLANG_ENABLE_OBJC_WEAK = YES;
				CLANG_WARN_BLOCK_CAPTURE_AUTORELEASING = YES;
				CLANG_WARN_BOOL_CONVERSION = YES;
				CLANG_WARN_COMMA = YES;
				CLANG_WARN_CONSTANT_CONVERSION = YES;
				CLANG_WARN_DEPRECATED_OBJC_IMPLEMENTATIONS = YES;
				CLANG_WARN_DIRECT_OBJC_ISA_USAGE = YES_ERROR;
				CLANG_WARN_DOCUMENTATION_COMMENTS = YES;
				CLANG_WARN_EMPTY_BODY = YES;
				CLANG_WARN_ENUM_CONVERSION = YES;
				CLANG_WARN_INFINITE_RECURSION = YES;
				CLANG_WARN_INT_CONVERSION = YES;
				CLANG_WARN_NON_LITERAL_NULL_CONVERSION = YES;
				CLANG_WARN_OBJC_IMPLICIT_RETAIN_SELF = YES;
				CLANG_WARN_OBJC_LITERAL_CONVERSION = YES;
				CLANG_WARN_OBJC_ROOT_CLASS = YES_ERROR;
				CLANG_WARN_QUOTED_INCLUDE_IN_FRAMEWORK_HEADER = YES;
				CLANG_WARN_RANGE_LOOP_ANALYSIS = YES;
				CLANG_WARN_STRICT_PROTOTYPES = YES;
				CLANG_WARN_SUSPICIOUS_MOVE = YES;
				CLANG_WARN_UNGUARDED_AVAILABILITY = YES_AGGRESSIVE;
				CLANG_WARN_UNREACHABLE_CODE = YES;
				CLANG_WARN__DUPLICATE_METHOD_MATCH = YES;
				COPY_PHASE_STRIP = NO;
				DEBUG_INFORMATION_FORMAT = "dwarf-with-dsym";
				ENABLE_NS_ASSERTIONS = NO;
				ENABLE_STRICT_OBJC_MSGSEND = YES;
				GCC_C_LANGUAGE_STANDARD = gnu11;
				GCC_NO_COMMON_BLOCKS = YES;
				GCC_WARN_64_TO_32_BIT_CONVERSION = YES;
				GCC_WARN_ABOUT_RETURN_TYPE = YES_ERROR;
				GCC_WARN_UNDECLARED_SELECTOR = YES;
				GCC_WARN_UNINITIALIZED_AUTOS = YES_AGGRESSIVE;
				GCC_WARN_UNUSED_FUNCTION = YES;
				GCC_WARN_UNUSED_VARIABLE = YES;
				IPHONEOS_DEPLOYMENT_TARGET = 17.0;
				MTL_ENABLE_DEBUG_INFO = NO;
				MTL_FAST_MATH = YES;
				PRODUCT_NAME = "$(TARGET_NAME)";
				SDKROOT = iphoneos;
				SWIFT_COMPILATION_MODE = wholemodule;
				SWIFT_OPTIMIZATION_LEVEL = "-O";
				SWIFT_VERSION = 5.0;
			};
			name = Release;
		};
/* End XCBuildConfiguration section */

/* Begin XCConfigurationList section */
		7469ACCAA340714B599ACE68 /* Build configuration list for PBXNativeTarget "QuoteApp" */ = {
			isa = XCConfigurationList;
			buildConfigurations = (
				94A5C34407E527E61C80A706 /* Debug */,
				4AD789C12309C2B3DE5C6CF6 /* Release */,
			);
			defaultConfigurationIsVisible = 0;
			defaultConfigurationName = Debug;
		};
		96229B68A584E0E0463CDFC7 /* Build configuration list for PBXProject "QuoteApp" */ = {
			isa = XCConfigurationList;
			buildConfigurations = (
				C34289D2425DA3A365C6329F /* Debug */,
				EC2FB3700BB3CAAE6E4764B7 /* Release */,
			);
			defaultConfigurationIsVisible = 0;
			defaultConfigurationName = Debug;
		};
/* End XCConfigurationList section */

/* Begin XCRemoteSwiftPackageReference section */
		B9773BF3654FC86B7E25AF8A /* XCRemoteSwiftPackageReference "purchases-ios" */ = {
			isa = XCRemoteSwiftPackageReference;
			repositoryURL = "https://github.com/RevenueCat/purchases-ios.git";
			requirement = {
				kind = upToNextMajorVersion;
				minimumVersion = 5.0.0;
			};
		};
/* End XCRemoteSwiftPackageReference section */

/* Begin XCSwiftPackageProductDependency section */
		5A9E86860295E0E435C4C7AE /* RevenueCat */ = {
			isa = XCSwiftPackageProductDependency;
			package = B9773BF3654FC86B7E25AF8A /* XCRemoteSwiftPackageReference "purchases-ios" */;
			productName = RevenueCat;
		};
/* End XCSwiftPackageProductDependency section */
	};
	rootObject = D32DD8D8B033D305E062BCD7 /* Project object */;
}
