// !$*UTF8*$!
{
	archiveVersion = 1;
	classes = {
	};
	objectVersion = 77;
	objects = {

/* Begin PBXBuildFile section */
		1939CEDC6F25C1BF21F2394A /* FavoritesView.swift in Sources */ = {isa = PBXBuildFile; fileRef = A8CFCEA3F7F08F3C3DD58891 /* FavoritesView.swift */; };
		1A8547B07BC344E0404EABCA /* DailyDrawPolicy.swift in Sources */ = {isa = PBXBuildFile; fileRef = D31C6A499CDAB00F7FB8FF5F /* DailyDrawPolicy.swift */; };
		21821685B4705A2ABB9B3E3F /* quotes_full.json in Resources */ = {isa = PBXBuildFile; fileRef = 97CFDA263F7B781661E9E5FC /* quotes_full.json */; };
		23908C8D7DC5EFF62488947F /* Quote.swift in Sources */ = {isa = PBXBuildFile; fileRef = ED6105CD29A4966FB7609A45 /* Quote.swift */; };
		25879F1C96045AA71BCF127D /* PremiumView.swift in Sources */ = {isa = PBXBuildFile; fileRef = C4786B14987F5BF89E0705C0 /* PremiumView.swift */; };
		2E9BC9463E44F0B7713C4033 /* quotes_full.json.archive_mens_2026-04-02 in Resources */ = {isa = PBXBuildFile; fileRef = 8C4C2D5D14D4E1259C61712F /* quotes_full.json.archive_mens_2026-04-02 */; };
		3050605E23D0B618832DFF0F /* WeeklyShelfView.swift in Sources */ = {isa = PBXBuildFile; fileRef = 484EA50D2B48DEA7A3587B34 /* WeeklyShelfView.swift */; };
		31BF3C63B20856B97B631215 /* FirebaseCore in Frameworks */ = {isa = PBXBuildFile; productRef = 728C4545885380C6C1340C19 /* FirebaseCore */; };
		37156E49CFC975DB9B62BE19 /* DailyDrawView.swift in Sources */ = {isa = PBXBuildFile; fileRef = D4E2E6F1D7E9D195646EA110 /* DailyDrawView.swift */; };
		44F3EE81924640F32C65A0F2 /* Config.swift in Sources */ = {isa = PBXBuildFile; fileRef = 20ADEFB92B52CF09D2250C3E /* Config.swift */; };
		463EFAAB7DFC554644EF0BCE /* ArchiveView.swift in Sources */ = {isa = PBXBuildFile; fileRef = 359F0E98DFD72FDFAE45B420 /* ArchiveView.swift */; };
		47B45EA7E4E43B460980AF23 /* com_antigravity_QuoteAppLiveActivity.swift in Sources */ = {isa = PBXBuildFile; fileRef = D4D4B13990A3001B4A73464F /* com_antigravity_QuoteAppLiveActivity.swift */; };
		497EEC065FB874CA65684A5D /* Assets.xcassets in Resources */ = {isa = PBXBuildFile; fileRef = D52818D4D58A1F7AB45BEFA9 /* Assets.xcassets */; };
		4A0A4AB69EE1F109656D3CF2 /* InfoPlist.strings in Resources */ = {isa = PBXBuildFile; fileRef = 9FBEDF0C112C703D759FA3DF /* InfoPlist.strings */; };
		4AE2E84434E2B8B5F145D500 /* VerticalTextView.swift in Sources */ = {isa = PBXBuildFile; fileRef = 1B6A98F13972015EE46D3DD2 /* VerticalTextView.swift */; };
		4FA22CFD2B73517B744C24B9 /* AppIntent.swift in Sources */ = {isa = PBXBuildFile; fileRef = E3958076EF8A91C3FB159253 /* AppIntent.swift */; };
		5BC686E7EADE6DF76F227A4D /* quotes.json in Resources */ = {isa = PBXBuildFile; fileRef = F5E6C834BCC3FA3D5D720199 /* quotes.json */; };
		5F937509DED0E3D35C4B4275 /* MonthlyReportView.swift in Sources */ = {isa = PBXBuildFile; fileRef = C750D07D7117F29A246AD7DE /* MonthlyReportView.swift */; };
		63391909C59F775B0B535AFF /* backgrounds.json in Resources */ = {isa = PBXBuildFile; fileRef = 49F60D52286711DE32BFB4D9 /* backgrounds.json */; };
		682C470A7EF68FC2FFC99E08 /* NotificationService.swift in Sources */ = {isa = PBXBuildFile; fileRef = 25E8C7778E36AF3A40B6EDFD /* NotificationService.swift */; };
		699E5F0E93652347DBDA0F09 /* ImageGenerator.swift in Sources */ = {isa = PBXBuildFile; fileRef = AD9499262E4A9A2B83C29D51 /* ImageGenerator.swift */; };
		6D8EF25290A0C6ABE8E2CCC9 /* QuoteDataService.swift in Sources */ = {isa = PBXBuildFile; fileRef = CF59FEDB3104A877F7F21FF2 /* QuoteDataService.swift */; };
		71A86D1DB0ED4F5F4AEC0ADC /* AnalyticsService.swift in Sources */ = {isa = PBXBuildFile; fileRef = 1AC8E50B0FF8549BFA68FBF7 /* AnalyticsService.swift */; };
		77916454AF1B1E68B8461667 /* RevenueCatManager.swift in Sources */ = {isa = PBXBuildFile; fileRef = 12BA4380BAA3347BEA6CAFFF /* RevenueCatManager.swift */; };
		78D832E2616E832951238149 /* RevenueCat in Frameworks */ = {isa = PBXBuildFile; productRef = F1D0ED7DC3CA9694650D7148 /* RevenueCat */; };
		7A59D95D7958DA17B2077AAC /* quotes.json.backup_v8 in Resources */ = {isa = PBXBuildFile; fileRef = 17C919369A332E3DA4790B5C /* quotes.json.backup_v8 */; };
		7C92DF2FDAE0B04F86D7478C /* PrescriptionRevealView.swift in Sources */ = {isa = PBXBuildFile; fileRef = A7359C32977C845E16A3BC55 /* PrescriptionRevealView.swift */; };
		7F546D572160E81D8F3352FC /* SettingsView.swift in Sources */ = {isa = PBXBuildFile; fileRef = 1AA25CB3D67B552F8CC69019 /* SettingsView.swift */; };
		81FD1462391D522364BFA369 /* Localizable.strings in Resources */ = {isa = PBXBuildFile; fileRef = 5911B0D93974AA4ADD77503D /* Localizable.strings */; };
		833B8391BA9857B86781139A /* PurchaseManager.swift in Sources */ = {isa = PBXBuildFile; fileRef = 1D11170CE1BB6F629417C09D /* PurchaseManager.swift */; };
		88FC42EDAED55666B56DC117 /* QuoteApp.swift in Sources */ = {isa = PBXBuildFile; fileRef = 7CDBF6A3496B57136563A44C /* QuoteApp.swift */; };
		8FB495AAF2C9B4B74918E5AC /* DailyDrawPolicyTests.swift in Sources */ = {isa = PBXBuildFile; fileRef = A9D4E3D4892A729B3E9E7959 /* DailyDrawPolicyTests.swift */; };
		900597C3AC11A3DD66B4A005 /* BackgroundService.swift in Sources */ = {isa = PBXBuildFile; fileRef = D75FDF66CB93B32E69D6D236 /* BackgroundService.swift */; };
		93104F826EF25DC680B2E6DA /* com_antigravity_QuoteAppControl.swift in Sources */ = {isa = PBXBuildFile; fileRef = 4D1E038B8A4485E0D0633FA3 /* com_antigravity_QuoteAppControl.swift */; };
		950FC5B706B898F0A2E06A19 /* FirebaseAnalytics in Frameworks */ = {isa = PBXBuildFile; productRef = A7344C03D99E5EB524AE99B2 /* FirebaseAnalytics */; };
		97E9425A75636125A4854A58 /* com_antigravity_QuoteApp.swift in Sources */ = {isa = PBXBuildFile; fileRef = BF2A85227FF49D823A432438 /* com_antigravity_QuoteApp.swift */; };
		A1E2852767232B28929CA82A /* quotes.json.backup_v9 in Resources */ = {isa = PBXBuildFile; fileRef = 28BAAA18EA7F6B27C55ECCCA /* quotes.json.backup_v9 */; };
		A6FA22F2AA0A1A10B4D07773 /* OnboardingView.swift in Sources */ = {isa = PBXBuildFile; fileRef = A6E35AFC77BF3BCF7CF51419 /* OnboardingView.swift */; };
		AB0800FB7C770EF6DA377E4F /* GoogleService-Info.plist in Resources */ = {isa = PBXBuildFile; fileRef = 97FACCFED8A3F33956F41848 /* GoogleService-Info.plist */; };
		AE5062E2CE75C7D6A04F487C /* WallpaperPickerView.swift in Sources */ = {isa = PBXBuildFile; fileRef = 92A2006201E264AF9B036012 /* WallpaperPickerView.swift */; };
		AEC739E79D02DDA78858B817 /* ContentView.swift in Sources */ = {isa = PBXBuildFile; fileRef = 88973456D0C3B30CDE71936C /* ContentView.swift */; };
		B2036B7651CC5CAA983E528F /* GiftViews.swift in Sources */ = {isa = PBXBuildFile; fileRef = 3E5069950AB01614AA7E99E5 /* GiftViews.swift */; };
		B964824199E04E47C86EBD6F /* ShareManager.swift in Sources */ = {isa = PBXBuildFile; fileRef = 51FFED0505612DCE7681922B /* ShareManager.swift */; };
		BB6D0F64DF1D2207910A574A /* UserSettings.swift in Sources */ = {isa = PBXBuildFile; fileRef = 1B7D142EA0C4FA42A0AE6357 /* UserSettings.swift */; };
		BBE9F008B919311EC9756DD1 /* NightWordView.swift in Sources */ = {isa = PBXBuildFile; fileRef = C66C64038544399782D0C1C8 /* NightWordView.swift */; };
		C19D0497A00C327C18F567C9 /* com_antigravity_QuoteAppBundle.swift in Sources */ = {isa = PBXBuildFile; fileRef = 6AC66DA5B24FBCD668E7A0CC /* com_antigravity_QuoteAppBundle.swift */; };
		C9DEF38DD337935E205BF300 /* InteractionGuideOverlay.swift in Sources */ = {isa = PBXBuildFile; fileRef = 9228291AB2B2A582206DECA7 /* InteractionGuideOverlay.swift */; };
		CC2E9F5071DE2D1D863E6653 /* DesignSystem.swift in Sources */ = {isa = PBXBuildFile; fileRef = 2CC112A765EB10567FE8B4CD /* DesignSystem.swift */; };
		CC50A9A5CCF0DD06E0E7902E /* CategoryPickerView.swift in Sources */ = {isa = PBXBuildFile; fileRef = A7DC2A08DBFEE03E04D201BB /* CategoryPickerView.swift */; };
		D1439AA02F14567D3BBA0FAB /* GiftService.swift in Sources */ = {isa = PBXBuildFile; fileRef = 5D796E180C2FDE54A4141082 /* GiftService.swift */; };
		D1B4D30ECF9A9135231BC9D8 /* PrivacyInfo.xcprivacy in Resources */ = {isa = PBXBuildFile; fileRef = B329E9FE02522062362686F2 /* PrivacyInfo.xcprivacy */; };
		DBC6D4724D040F1CAAE0A986 /* quotes.json.backup_v10 in Resources */ = {isa = PBXBuildFile; fileRef = BAD082EEDC594AE699BCBAC4 /* quotes.json.backup_v10 */; };
		E104E1A05168B1374072F835 /* MainView.swift in Sources */ = {isa = PBXBuildFile; fileRef = B110E025521FCF75F164DCF1 /* MainView.swift */; };
		EBD651070C22E1B33EFBF172 /* quotes.json.archive_mens_2026-04-02 in Resources */ = {isa = PBXBuildFile; fileRef = 663D90434C558C414EA992D6 /* quotes.json.archive_mens_2026-04-02 */; };
		FC910C424E3BD290192DBE48 /* QuoteLiveActivityAttributes.swift in Sources */ = {isa = PBXBuildFile; fileRef = D231F1FF41AB85E6356D864F /* QuoteLiveActivityAttributes.swift */; };
/* End PBXBuildFile section */

/* Begin PBXContainerItemProxy section */
		5D5DB1F0FD9F436E2BDA1A6E /* PBXContainerItemProxy */ = {
			isa = PBXContainerItemProxy;
			containerPortal = D32DD8D8B033D305E062BCD7 /* Project object */;
			proxyType = 1;
			remoteGlobalIDString = 8FC3DC1659CA50794E3AA60E;
			remoteInfo = QuoteApp;
		};
/* End PBXContainerItemProxy section */

/* Begin PBXFileReference section */
		12BA4380BAA3347BEA6CAFFF /* RevenueCatManager.swift */ = {isa = PBXFileReference; lastKnownFileType = sourcecode.swift; path = RevenueCatManager.swift; sourceTree = "<group>"; };
		17C919369A332E3DA4790B5C /* quotes.json.backup_v8 */ = {isa = PBXFileReference; path = quotes.json.backup_v8; sourceTree = "<group>"; };
		1AA25CB3D67B552F8CC69019 /* SettingsView.swift */ = {isa = PBXFileReference; lastKnownFileType = sourcecode.swift; path = SettingsView.swift; sourceTree = "<group>"; };
		1AC8E50B0FF8549BFA68FBF7 /* AnalyticsService.swift */ = {isa = PBXFileReference; lastKnownFileType = sourcecode.swift; path = AnalyticsService.swift; sourceTree = "<group>"; };
		1B6A98F13972015EE46D3DD2 /* VerticalTextView.swift */ = {isa = PBXFileReference; lastKnownFileType = sourcecode.swift; path = VerticalTextView.swift; sourceTree = "<group>"; };
		1B7D142EA0C4FA42A0AE6357 /* UserSettings.swift */ = {isa = PBXFileReference; lastKnownFileType = sourcecode.swift; path = UserSettings.swift; sourceTree = "<group>"; };
		1D11170CE1BB6F629417C09D /* PurchaseManager.swift */ = {isa = PBXFileReference; lastKnownFileType = sourcecode.swift; path = PurchaseManager.swift; sourceTree = "<group>"; };
		20ADEFB92B52CF09D2250C3E /* Config.swift */ = {isa = PBXFileReference; lastKnownFileType = sourcecode.swift; path = Config.swift; sourceTree = "<group>"; };
		25E8C7778E36AF3A40B6EDFD /* NotificationService.swift */ = {isa = PBXFileReference; lastKnownFileType = sourcecode.swift; path = NotificationService.swift; sourceTree = "<group>"; };
		28BAAA18EA7F6B27C55ECCCA /* quotes.json.backup_v9 */ = {isa = PBXFileReference; path = quotes.json.backup_v9; sourceTree = "<group>"; };
		2CC112A765EB10567FE8B4CD /* DesignSystem.swift */ = {isa = PBXFileReference; lastKnownFileType = sourcecode.swift; path = DesignSystem.swift; sourceTree = "<group>"; };
		300CCBD79B144B5FB84EA630 /* ja */ = {isa = PBXFileReference; lastKnownFileType = text.plist.strings; name = ja; path = ja.lproj/InfoPlist.strings; sourceTree = "<group>"; };
		359F0E98DFD72FDFAE45B420 /* ArchiveView.swift */ = {isa = PBXFileReference; lastKnownFileType = sourcecode.swift; path = ArchiveView.swift; sourceTree = "<group>"; };
		3E5069950AB01614AA7E99E5 /* GiftViews.swift */ = {isa = PBXFileReference; lastKnownFileType = sourcecode.swift; path = GiftViews.swift; sourceTree = "<group>"; };
		484EA50D2B48DEA7A3587B34 /* WeeklyShelfView.swift */ = {isa = PBXFileReference; lastKnownFileType = sourcecode.swift; path = WeeklyShelfView.swift; sourceTree = "<group>"; };
		49F60D52286711DE32BFB4D9 /* backgrounds.json */ = {isa = PBXFileReference; lastKnownFileType = text.json; path = backgrounds.json; sourceTree = "<group>"; };
		4D1E038B8A4485E0D0633FA3 /* com_antigravity_QuoteAppControl.swift */ = {isa = PBXFileReference; lastKnownFileType = sourcecode.swift; path = com_antigravity_QuoteAppControl.swift; sourceTree = "<group>"; };
		51FFED0505612DCE7681922B /* ShareManager.swift */ = {isa = PBXFileReference; lastKnownFileType = sourcecode.swift; path = ShareManager.swift; sourceTree = "<group>"; };
		5343A03B022099B0DE3003AE /* QuoteWidget.entitlements */ = {isa = PBXFileReference; lastKnownFileType = text.plist.entitlements; path = QuoteWidget.entitlements; sourceTree = "<group>"; };
		5D796E180C2FDE54A4141082 /* GiftService.swift */ = {isa = PBXFileReference; lastKnownFileType = sourcecode.swift; path = GiftService.swift; sourceTree = "<group>"; };
		663D90434C558C414EA992D6 /* quotes.json.archive_mens_2026-04-02 */ = {isa = PBXFileReference; path = "quotes.json.archive_mens_2026-04-02"; sourceTree = "<group>"; };
		6AC66DA5B24FBCD668E7A0CC /* com_antigravity_QuoteAppBundle.swift */ = {isa = PBXFileReference; lastKnownFileType = sourcecode.swift; path = com_antigravity_QuoteAppBundle.swift; sourceTree = "<group>"; };
		7CDBF6A3496B57136563A44C /* QuoteApp.swift */ = {isa = PBXFileReference; lastKnownFileType = sourcecode.swift; path = QuoteApp.swift; sourceTree = "<group>"; };
		88973456D0C3B30CDE71936C /* ContentView.swift */ = {isa = PBXFileReference; lastKnownFileType = sourcecode.swift; path = ContentView.swift; sourceTree = "<group>"; };
		8C4C2D5D14D4E1259C61712F /* quotes_full.json.archive_mens_2026-04-02 */ = {isa = PBXFileReference; path = "quotes_full.json.archive_mens_2026-04-02"; sourceTree = "<group>"; };
		9228291AB2B2A582206DECA7 /* InteractionGuideOverlay.swift */ = {isa = PBXFileReference; lastKnownFileType = sourcecode.swift; path = InteractionGuideOverlay.swift; sourceTree = "<group>"; };
		92A2006201E264AF9B036012 /* WallpaperPickerView.swift */ = {isa = PBXFileReference; lastKnownFileType = sourcecode.swift; path = WallpaperPickerView.swift; sourceTree = "<group>"; };
		97CFDA263F7B781661E9E5FC /* quotes_full.json */ = {isa = PBXFileReference; lastKnownFileType = text.json; path = quotes_full.json; sourceTree = "<group>"; };
		97FACCFED8A3F33956F41848 /* GoogleService-Info.plist */ = {isa = PBXFileReference; lastKnownFileType = text.plist; path = "GoogleService-Info.plist"; sourceTree = "<group>"; };
		9FF880702305D5C941C918AC /* QuoteAppTests.xctest */ = {isa = PBXFileReference; includeInIndex = 0; lastKnownFileType = wrapper.cfbundle; path = QuoteAppTests.xctest; sourceTree = BUILT_PRODUCTS_DIR; };
		A6E35AFC77BF3BCF7CF51419 /* OnboardingView.swift */ = {isa = PBXFileReference; lastKnownFileType = sourcecode.swift; path = OnboardingView.swift; sourceTree = "<group>"; };
		A7359C32977C845E16A3BC55 /* PrescriptionRevealView.swift */ = {isa = PBXFileReference; lastKnownFileType = sourcecode.swift; path = PrescriptionRevealView.swift; sourceTree = "<group>"; };
		A7DC2A08DBFEE03E04D201BB /* CategoryPickerView.swift */ = {isa = PBXFileReference; lastKnownFileType = sourcecode.swift; path = CategoryPickerView.swift; sourceTree = "<group>"; };
		A8CFCEA3F7F08F3C3DD58891 /* FavoritesView.swift */ = {isa = PBXFileReference; lastKnownFileType = sourcecode.swift; path = FavoritesView.swift; sourceTree = "<group>"; };
		A9D4E3D4892A729B3E9E7959 /* DailyDrawPolicyTests.swift */ = {isa = PBXFileReference; lastKnownFileType = sourcecode.swift; path = DailyDrawPolicyTests.swift; sourceTree = "<group>"; };
		AD9499262E4A9A2B83C29D51 /* ImageGenerator.swift */ = {isa = PBXFileReference; lastKnownFileType = sourcecode.swift; path = ImageGenerator.swift; sourceTree = "<group>"; };
		B110E025521FCF75F164DCF1 /* MainView.swift */ = {isa = PBXFileReference; lastKnownFileType = sourcecode.swift; path = MainView.swift; sourceTree = "<group>"; };
		B329E9FE02522062362686F2 /* PrivacyInfo.xcprivacy */ = {isa = PBXFileReference; path = PrivacyInfo.xcprivacy; sourceTree = "<group>"; };
		B9E03CA6536E78A330514AF0 /* ja */ = {isa = PBXFileReference; lastKnownFileType = text.plist.strings; name = ja; path = ja.lproj/Localizable.strings; sourceTree = "<group>"; };
		BAD082EEDC594AE699BCBAC4 /* quotes.json.backup_v10 */ = {isa = PBXFileReference; path = quotes.json.backup_v10; sourceTree = "<group>"; };
		BC2818D9C1AE08E4F6A350C1 /* QuoteApp.entitlements */ = {isa = PBXFileReference; lastKnownFileType = text.plist.entitlements; path = QuoteApp.entitlements; sourceTree = "<group>"; };
		BF2A85227FF49D823A432438 /* com_antigravity_QuoteApp.swift */ = {isa = PBXFileReference; lastKnownFileType = sourcecode.swift; path = com_antigravity_QuoteApp.swift; sourceTree = "<group>"; };
		C192DF3353376A29C3F2EB77 /* com.antigravity.QuoteAppExtension.appex */ = {isa = PBXFileReference; includeInIndex = 0; lastKnownFileType = "wrapper.app-extension"; path = com.antigravity.QuoteAppExtension.appex; sourceTree = BUILT_PRODUCTS_DIR; };
		C4786B14987F5BF89E0705C0 /* PremiumView.swift */ = {isa = PBXFileReference; lastKnownFileType = sourcecode.swift; path = PremiumView.swift; sourceTree = "<group>"; };
		C66C64038544399782D0C1C8 /* NightWordView.swift */ = {isa = PBXFileReference; lastKnownFileType = sourcecode.swift; path = NightWordView.swift; sourceTree = "<group>"; };
		C750D07D7117F29A246AD7DE /* MonthlyReportView.swift */ = {isa = PBXFileReference; lastKnownFileType = sourcecode.swift; path = MonthlyReportView.swift; sourceTree = "<group>"; };
		CBDDD2296983E1EF93CB4A54 /* QuoteApp.app */ = {isa = PBXFileReference; includeInIndex = 0; lastKnownFileType = wrapper.application; path = QuoteApp.app; sourceTree = BUILT_PRODUCTS_DIR; };
		CF59FEDB3104A877F7F21FF2 /* QuoteDataService.swift */ = {isa = PBXFileReference; lastKnownFileType = sourcecode.swift; path = QuoteDataService.swift; sourceTree = "<group>"; };
		D231F1FF41AB85E6356D864F /* QuoteLiveActivityAttributes.swift */ = {isa = PBXFileReference; lastKnownFileType = sourcecode.swift; path = QuoteLiveActivityAttributes.swift; sourceTree = "<group>"; };
		D31C6A499CDAB00F7FB8FF5F /* DailyDrawPolicy.swift */ = {isa = PBXFileReference; lastKnownFileType = sourcecode.swift; path = DailyDrawPolicy.swift; sourceTree = "<group>"; };
		D4D4B13990A3001B4A73464F /* com_antigravity_QuoteAppLiveActivity.swift */ = {isa = PBXFileReference; lastKnownFileType = sourcecode.swift; path = com_antigravity_QuoteAppLiveActivity.swift; sourceTree = "<group>"; };
		D4E2E6F1D7E9D195646EA110 /* DailyDrawView.swift */ = {isa = PBXFileReference; lastKnownFileType = sourcecode.swift; path = DailyDrawView.swift; sourceTree = "<group>"; };
		D52818D4D58A1F7AB45BEFA9 /* Assets.xcassets */ = {isa = PBXFileReference; lastKnownFileType = folder.assetcatalog; path = Assets.xcassets; sourceTree = "<group>"; };
		D75FDF66CB93B32E69D6D236 /* BackgroundService.swift */ = {isa = PBXFileReference; lastKnownFileType = sourcecode.swift; path = BackgroundService.swift; sourceTree = "<group>"; };
		E3958076EF8A91C3FB159253 /* AppIntent.swift */ = {isa = PBXFileReference; lastKnownFileType = sourcecode.swift; path = AppIntent.swift; sourceTree = "<group>"; };
		ED6105CD29A4966FB7609A45 /* Quote.swift */ = {isa = PBXFileReference; lastKnownFileType = sourcecode.swift; path = Quote.swift; sourceTree = "<group>"; };
		F5E6C834BCC3FA3D5D720199 /* quotes.json */ = {isa = PBXFileReference; lastKnownFileType = text.json; path = quotes.json; sourceTree = "<group>"; };
/* End PBXFileReference section */

/* Begin PBXFrameworksBuildPhase section */
		E3BE305185D9B5F364865B58 /* Frameworks */ = {
			isa = PBXFrameworksBuildPhase;
			buildActionMask = 2147483647;
			files = (
				78D832E2616E832951238149 /* RevenueCat in Frameworks */,
				31BF3C63B20856B97B631215 /* FirebaseCore in Frameworks */,
				950FC5B706B898F0A2E06A19 /* FirebaseAnalytics in Frameworks */,
			);
			runOnlyForDeploymentPostprocessing = 0;
		};
/* End PBXFrameworksBuildPhase section */

/* Begin PBXGroup section */
		05C34A80E2706DDA7A1F8029 = {
			isa = PBXGroup;
			children = (
				D231F1FF41AB85E6356D864F /* QuoteLiveActivityAttributes.swift */,
				AF89EE587CDAC092598986FE /* com.antigravity.QuoteApp */,
				890CC44DDA869B26D7B2D9CD /* Sources */,
				24B11B6F1394555A4451E1D1 /* Tests */,
				48BA63277649980E71F6E33F /* Products */,
			);
			sourceTree = "<group>";
		};
		079EB8214A83330DB1765C3C /* Services */ = {
			isa = PBXGroup;
			children = (
				1AC8E50B0FF8549BFA68FBF7 /* AnalyticsService.swift */,
				D75FDF66CB93B32E69D6D236 /* BackgroundService.swift */,
				D31C6A499CDAB00F7FB8FF5F /* DailyDrawPolicy.swift */,
				5D796E180C2FDE54A4141082 /* GiftService.swift */,
				25E8C7778E36AF3A40B6EDFD /* NotificationService.swift */,
				1D11170CE1BB6F629417C09D /* PurchaseManager.swift */,
				CF59FEDB3104A877F7F21FF2 /* QuoteDataService.swift */,
				12BA4380BAA3347BEA6CAFFF /* RevenueCatManager.swift */,
				51FFED0505612DCE7681922B /* ShareManager.swift */,
				1B7D142EA0C4FA42A0AE6357 /* UserSettings.swift */,
			);
			path = Services;
			sourceTree = "<group>";
		};
		12DBA411D8839252FC743D96 /* Views */ = {
			isa = PBXGroup;
			children = (
				359F0E98DFD72FDFAE45B420 /* ArchiveView.swift */,
				A7DC2A08DBFEE03E04D201BB /* CategoryPickerView.swift */,
				88973456D0C3B30CDE71936C /* ContentView.swift */,
				D4E2E6F1D7E9D195646EA110 /* DailyDrawView.swift */,
				A8CFCEA3F7F08F3C3DD58891 /* FavoritesView.swift */,
				3E5069950AB01614AA7E99E5 /* GiftViews.swift */,
				9228291AB2B2A582206DECA7 /* InteractionGuideOverlay.swift */,
				C750D07D7117F29A246AD7DE /* MonthlyReportView.swift */,
				C66C64038544399782D0C1C8 /* NightWordView.swift */,
				A6E35AFC77BF3BCF7CF51419 /* OnboardingView.swift */,
				C4786B14987F5BF89E0705C0 /* PremiumView.swift */,
				A7359C32977C845E16A3BC55 /* PrescriptionRevealView.swift */,
				1AA25CB3D67B552F8CC69019 /* SettingsView.swift */,
				92A2006201E264AF9B036012 /* WallpaperPickerView.swift */,
				484EA50D2B48DEA7A3587B34 /* WeeklyShelfView.swift */,
			);
			path = Views;
			sourceTree = "<group>";
		};
		24B11B6F1394555A4451E1D1 /* Tests */ = {
			isa = PBXGroup;
			children = (
				A9D4E3D4892A729B3E9E7959 /* DailyDrawPolicyTests.swift */,
			);
			path = Tests;
			sourceTree = "<group>";
		};
		31DBF129BF88E6B856F75BF1 /* Resources */ = {
			isa = PBXGroup;
			children = (
				49F60D52286711DE32BFB4D9 /* backgrounds.json */,
				97FACCFED8A3F33956F41848 /* GoogleService-Info.plist */,
				9FBEDF0C112C703D759FA3DF /* InfoPlist.strings */,
				5911B0D93974AA4ADD77503D /* Localizable.strings */,
				B329E9FE02522062362686F2 /* PrivacyInfo.xcprivacy */,
				97CFDA263F7B781661E9E5FC /* quotes_full.json */,
				8C4C2D5D14D4E1259C61712F /* quotes_full.json.archive_mens_2026-04-02 */,
				F5E6C834BCC3FA3D5D720199 /* quotes.json */,
				663D90434C558C414EA992D6 /* quotes.json.archive_mens_2026-04-02 */,
				17C919369A332E3DA4790B5C /* quotes.json.backup_v8 */,
				28BAAA18EA7F6B27C55ECCCA /* quotes.json.backup_v9 */,
				BAD082EEDC594AE699BCBAC4 /* quotes.json.backup_v10 */,
			);
			path = Resources;
			sourceTree = "<group>";
		};
		48BA63277649980E71F6E33F /* Products */ = {
			isa = PBXGroup;
			children = (
				C192DF3353376A29C3F2EB77 /* com.antigravity.QuoteAppExtension.appex */,
				CBDDD2296983E1EF93CB4A54 /* QuoteApp.app */,
				9FF880702305D5C941C918AC /* QuoteAppTests.xctest */,
			);
			name = Products;
			sourceTree = "<group>";
		};
		5C5028219286ACD41674195F /* Models */ = {
			isa = PBXGroup;
			children = (
				ED6105CD29A4966FB7609A45 /* Quote.swift */,
			);
			path = Models;
			sourceTree = "<group>";
		};
		7A71964FE2D3D4C71DE5946C /* Utilities */ = {
			isa = PBXGroup;
			children = (
				AD9499262E4A9A2B83C29D51 /* ImageGenerator.swift */,
				1B6A98F13972015EE46D3DD2 /* VerticalTextView.swift */,
			);
			path = Utilities;
			sourceTree = "<group>";
		};
		890CC44DDA869B26D7B2D9CD /* Sources */ = {
			isa = PBXGroup;
			children = (
				D52818D4D58A1F7AB45BEFA9 /* Assets.xcassets */,
				20ADEFB92B52CF09D2250C3E /* Config.swift */,
				2CC112A765EB10567FE8B4CD /* DesignSystem.swift */,
				B110E025521FCF75F164DCF1 /* MainView.swift */,
				BC2818D9C1AE08E4F6A350C1 /* QuoteApp.entitlements */,
				7CDBF6A3496B57136563A44C /* QuoteApp.swift */,
				5343A03B022099B0DE3003AE /* QuoteWidget.entitlements */,
				5C5028219286ACD41674195F /* Models */,
				31DBF129BF88E6B856F75BF1 /* Resources */,
				079EB8214A83330DB1765C3C /* Services */,
				7A71964FE2D3D4C71DE5946C /* Utilities */,
				12DBA411D8839252FC743D96 /* Views */,
			);
			path = Sources;
			sourceTree = "<group>";
		};
		AF89EE587CDAC092598986FE /* com.antigravity.QuoteApp */ = {
			isa = PBXGroup;
			children = (
				E3958076EF8A91C3FB159253 /* AppIntent.swift */,
				BF2A85227FF49D823A432438 /* com_antigravity_QuoteApp.swift */,
				6AC66DA5B24FBCD668E7A0CC /* com_antigravity_QuoteAppBundle.swift */,
				4D1E038B8A4485E0D0633FA3 /* com_antigravity_QuoteAppControl.swift */,
				D4D4B13990A3001B4A73464F /* com_antigravity_QuoteAppLiveActivity.swift */,
			);
			path = com.antigravity.QuoteApp;
			sourceTree = "<group>";
		};
/* End PBXGroup section */

/* Begin PBXNativeTarget section */
		8FC3DC1659CA50794E3AA60E /* QuoteApp */ = {
			isa = PBXNativeTarget;
			buildConfigurationList = 7469ACCAA340714B599ACE68 /* Build configuration list for PBXNativeTarget "QuoteApp" */;
			buildPhases = (
				2A6507BAAB6F3BE4B56EE6EC /* Sources */,
				385C4C06544AE893D9705575 /* Resources */,
				E3BE305185D9B5F364865B58 /* Frameworks */,
			);
			buildRules = (
			);
			dependencies = (
			);
			name = QuoteApp;
			packageProductDependencies = (
				F1D0ED7DC3CA9694650D7148 /* RevenueCat */,
				728C4545885380C6C1340C19 /* FirebaseCore */,
				A7344C03D99E5EB524AE99B2 /* FirebaseAnalytics */,
			);
			productName = QuoteApp;
			productReference = CBDDD2296983E1EF93CB4A54 /* QuoteApp.app */;
			productType = "com.apple.product-type.application";
		};
		962E528C3C3106E211DA33F3 /* QuoteAppTests */ = {
			isa = PBXNativeTarget;
			buildConfigurationList = E57F8B4DBA5920185189B8A8 /* Build configuration list for PBXNativeTarget "QuoteAppTests" */;
			buildPhases = (
				51DC011ABAF2F077EDEA4B20 /* Sources */,
			);
			buildRules = (
			);
			dependencies = (
				3926E5618471660C609BEBD1 /* PBXTargetDependency */,
			);
			name = QuoteAppTests;
			packageProductDependencies = (
			);
			productName = QuoteAppTests;
			productReference = 9FF880702305D5C941C918AC /* QuoteAppTests.xctest */;
			productType = "com.apple.product-type.bundle.unit-test";
		};
		BBB4B3569C99A53E531DFDE4 /* com.antigravity.QuoteAppExtension */ = {
			isa = PBXNativeTarget;
			buildConfigurationList = DB463825CC24A7ABBEC38188 /* Build configuration list for PBXNativeTarget "com.antigravity.QuoteAppExtension" */;
			buildPhases = (
				8B737630C85764824E151EA4 /* Sources */,
			);
			buildRules = (
			);
			dependencies = (
			);
			name = com.antigravity.QuoteAppExtension;
			packageProductDependencies = (
			);
			productName = com.antigravity.QuoteAppExtension;
			productReference = C192DF3353376A29C3F2EB77 /* com.antigravity.QuoteAppExtension.appex */;
			productType = "com.apple.product-type.app-extension";
		};
/* End PBXNativeTarget section */

/* Begin PBXProject section */
		D32DD8D8B033D305E062BCD7 /* Project object */ = {
			isa = PBXProject;
			attributes = {
				BuildIndependentTargetsInParallel = YES;
				LastUpgradeCheck = 1430;
				TargetAttributes = {
					8FC3DC1659CA50794E3AA60E = {
						DevelopmentTeam = 9W24U28U8Q;
						ProvisioningStyle = Automatic;
					};
					962E528C3C3106E211DA33F3 = {
						DevelopmentTeam = 9W24U28U8Q;
					};
					BBB4B3569C99A53E531DFDE4 = {
						DevelopmentTeam = 9W24U28U8Q;
						ProvisioningStyle = Automatic;
					};
				};
			};
			buildConfigurationList = 96229B68A584E0E0463CDFC7 /* Build configuration list for PBXProject "QuoteApp" */;
			compatibilityVersion = "Xcode 14.0";
			developmentRegion = ja;
			hasScannedForEncodings = 0;
			knownRegions = (
				Base,
				ja,
			);
			mainGroup = 05C34A80E2706DDA7A1F8029;
			minimizedProjectReferenceProxies = 1;
			packageReferences = (
				A52BCBD2C3FA3C231265BD5E /* XCRemoteSwiftPackageReference "firebase-ios-sdk" */,
				02BF14634656D72B097FCEF0 /* XCRemoteSwiftPackageReference "purchases-ios" */,
			);
			preferredProjectObjectVersion = 77;
			projectDirPath = "";
			projectRoot = "";
			targets = (
				8FC3DC1659CA50794E3AA60E /* QuoteApp */,
				962E528C3C3106E211DA33F3 /* QuoteAppTests */,
				BBB4B3569C99A53E531DFDE4 /* com.antigravity.QuoteAppExtension */,
			);
		};
/* End PBXProject section */

/* Begin PBXResourcesBuildPhase section */
		385C4C06544AE893D9705575 /* Resources */ = {
			isa = PBXResourcesBuildPhase;
			buildActionMask = 2147483647;
			files = (
				497EEC065FB874CA65684A5D /* Assets.xcassets in Resources */,
				AB0800FB7C770EF6DA377E4F /* GoogleService-Info.plist in Resources */,
				4A0A4AB69EE1F109656D3CF2 /* InfoPlist.strings in Resources */,
				81FD1462391D522364BFA369 /* Localizable.strings in Resources */,
				D1B4D30ECF9A9135231BC9D8 /* PrivacyInfo.xcprivacy in Resources */,
				63391909C59F775B0B535AFF /* backgrounds.json in Resources */,
				5BC686E7EADE6DF76F227A4D /* quotes.json in Resources */,
				EBD651070C22E1B33EFBF172 /* quotes.json.archive_mens_2026-04-02 in Resources */,
				DBC6D4724D040F1CAAE0A986 /* quotes.json.backup_v10 in Resources */,
				7A59D95D7958DA17B2077AAC /* quotes.json.backup_v8 in Resources */,
				A1E2852767232B28929CA82A /* quotes.json.backup_v9 in Resources */,
				21821685B4705A2ABB9B3E3F /* quotes_full.json in Resources */,
				2E9BC9463E44F0B7713C4033 /* quotes_full.json.archive_mens_2026-04-02 in Resources */,
			);
			runOnlyForDeploymentPostprocessing = 0;
		};
/* End PBXResourcesBuildPhase section */

/* Begin PBXSourcesBuildPhase section */
		2A6507BAAB6F3BE4B56EE6EC /* Sources */ = {
			isa = PBXSourcesBuildPhase;
			buildActionMask = 2147483647;
			files = (
				71A86D1DB0ED4F5F4AEC0ADC /* AnalyticsService.swift in Sources */,
				463EFAAB7DFC554644EF0BCE /* ArchiveView.swift in Sources */,
				900597C3AC11A3DD66B4A005 /* BackgroundService.swift in Sources */,
				CC50A9A5CCF0DD06E0E7902E /* CategoryPickerView.swift in Sources */,
				44F3EE81924640F32C65A0F2 /* Config.swift in Sources */,
				AEC739E79D02DDA78858B817 /* ContentView.swift in Sources */,
				1A8547B07BC344E0404EABCA /* DailyDrawPolicy.swift in Sources */,
				37156E49CFC975DB9B62BE19 /* DailyDrawView.swift in Sources */,
				CC2E9F5071DE2D1D863E6653 /* DesignSystem.swift in Sources */,
				1939CEDC6F25C1BF21F2394A /* FavoritesView.swift in Sources */,
				D1439AA02F14567D3BBA0FAB /* GiftService.swift in Sources */,
				B2036B7651CC5CAA983E528F /* GiftViews.swift in Sources */,
				699E5F0E93652347DBDA0F09 /* ImageGenerator.swift in Sources */,
				C9DEF38DD337935E205BF300 /* InteractionGuideOverlay.swift in Sources */,
				E104E1A05168B1374072F835 /* MainView.swift in Sources */,
				5F937509DED0E3D35C4B4275 /* MonthlyReportView.swift in Sources */,
				BBE9F008B919311EC9756DD1 /* NightWordView.swift in Sources */,
				682C470A7EF68FC2FFC99E08 /* NotificationService.swift in Sources */,
				A6FA22F2AA0A1A10B4D07773 /* OnboardingView.swift in Sources */,
				25879F1C96045AA71BCF127D /* PremiumView.swift in Sources */,
				7C92DF2FDAE0B04F86D7478C /* PrescriptionRevealView.swift in Sources */,
				833B8391BA9857B86781139A /* PurchaseManager.swift in Sources */,
				23908C8D7DC5EFF62488947F /* Quote.swift in Sources */,
				88FC42EDAED55666B56DC117 /* QuoteApp.swift in Sources */,
				6D8EF25290A0C6ABE8E2CCC9 /* QuoteDataService.swift in Sources */,
				77916454AF1B1E68B8461667 /* RevenueCatManager.swift in Sources */,
				7F546D572160E81D8F3352FC /* SettingsView.swift in Sources */,
				B964824199E04E47C86EBD6F /* ShareManager.swift in Sources */,
				BB6D0F64DF1D2207910A574A /* UserSettings.swift in Sources */,
				4AE2E84434E2B8B5F145D500 /* VerticalTextView.swift in Sources */,
				AE5062E2CE75C7D6A04F487C /* WallpaperPickerView.swift in Sources */,
				3050605E23D0B618832DFF0F /* WeeklyShelfView.swift in Sources */,
			);
			runOnlyForDeploymentPostprocessing = 0;
		};
		51DC011ABAF2F077EDEA4B20 /* Sources */ = {
			isa = PBXSourcesBuildPhase;
			buildActionMask = 2147483647;
			files = (
				8FB495AAF2C9B4B74918E5AC /* DailyDrawPolicyTests.swift in Sources */,
			);
			runOnlyForDeploymentPostprocessing = 0;
		};
		8B737630C85764824E151EA4 /* Sources */ = {
			isa = PBXSourcesBuildPhase;
			buildActionMask = 2147483647;
			files = (
				4FA22CFD2B73517B744C24B9 /* AppIntent.swift in Sources */,
				FC910C424E3BD290192DBE48 /* QuoteLiveActivityAttributes.swift in Sources */,
				97E9425A75636125A4854A58 /* com_antigravity_QuoteApp.swift in Sources */,
				C19D0497A00C327C18F567C9 /* com_antigravity_QuoteAppBundle.swift in Sources */,
				93104F826EF25DC680B2E6DA /* com_antigravity_QuoteAppControl.swift in Sources */,
				47B45EA7E4E43B460980AF23 /* com_antigravity_QuoteAppLiveActivity.swift in Sources */,
			);
			runOnlyForDeploymentPostprocessing = 0;
		};
/* End PBXSourcesBuildPhase section */

/* Begin PBXTargetDependency section */
		3926E5618471660C609BEBD1 /* PBXTargetDependency */ = {
			isa = PBXTargetDependency;
			target = 8FC3DC1659CA50794E3AA60E /* QuoteApp */;
			targetProxy = 5D5DB1F0FD9F436E2BDA1A6E /* PBXContainerItemProxy */;
		};
/* End PBXTargetDependency section */

/* Begin PBXVariantGroup section */
		5911B0D93974AA4ADD77503D /* Localizable.strings */ = {
			isa = PBXVariantGroup;
			children = (
				B9E03CA6536E78A330514AF0 /* ja */,
			);
			name = Localizable.strings;
			sourceTree = "<group>";
		};
		9FBEDF0C112C703D759FA3DF /* InfoPlist.strings */ = {
			isa = PBXVariantGroup;
			children = (
				300CCBD79B144B5FB84EA630 /* ja */,
			);
			name = InfoPlist.strings;
			sourceTree = "<group>";
		};
/* End PBXVariantGroup section */

/* Begin XCBuildConfiguration section */
		4AD789C12309C2B3DE5C6CF6 /* Release */ = {
			isa = XCBuildConfiguration;
			buildSettings = {
				ASSETCATALOG_COMPILER_APPICON_NAME = AppIcon;
				CODE_SIGN_ENTITLEMENTS = Sources/QuoteApp.entitlements;
				CODE_SIGN_IDENTITY = "iPhone Developer";
				CODE_SIGN_STYLE = Automatic;
				CURRENT_PROJECT_VERSION = 12;
				DEVELOPMENT_TEAM = 9W24U28U8Q;
				GENERATE_INFOPLIST_FILE = YES;
				INFOPLIST_FILE = Info.plist;
				INFOPLIST_KEY_CFBundleDevelopmentRegion = ja;
				INFOPLIST_KEY_CFBundleDisplayName = "Words For Me";
				INFOPLIST_KEY_GOOGLE_ANALYTICS_DEFAULT_ALLOW_AD_PERSONALIZATION_SIGNALS = NO;
				INFOPLIST_KEY_GOOGLE_ANALYTICS_IDFV_COLLECTION_ENABLED = NO;
				INFOPLIST_KEY_ITSAppUsesNonExemptEncryption = NO;
				INFOPLIST_KEY_UILaunchScreen_Generation = YES;
				IPHONEOS_DEPLOYMENT_TARGET = 17.0;
				LD_RUNPATH_SEARCH_PATHS = (
					"$(inherited)",
					"@executable_path/Frameworks",
				);
				MARKETING_VERSION = 1.1.4;
				PRODUCT_BUNDLE_IDENTIFIER = com.antigravity.QuoteApp;
				PRODUCT_NAME = MyWords;
				SDKROOT = iphoneos;
				SWIFT_VERSION = 5.0;
				TARGETED_DEVICE_FAMILY = 1;
			};
			name = Release;
		};
		5573553AAB4C356F1B99BD95 /* Release */ = {
			isa = XCBuildConfiguration;
			buildSettings = {
				CODE_SIGN_ENTITLEMENTS = Sources/QuoteWidget.entitlements;
				CODE_SIGN_STYLE = Automatic;
				CURRENT_PROJECT_VERSION = 12;
				DEVELOPMENT_TEAM = 9W24U28U8Q;
				INFOPLIST_FILE = com.antigravity.QuoteApp/Info.plist;
				INFOPLIST_KEY_ITSAppUsesNonExemptEncryption = NO;
				IPHONEOS_DEPLOYMENT_TARGET = 17.0;
				LD_RUNPATH_SEARCH_PATHS = (
					"$(inherited)",
					"@executable_path/Frameworks",
					"@executable_path/../../Frameworks",
				);
				MARKETING_VERSION = 1.1.4;
				PRODUCT_BUNDLE_IDENTIFIER = com.antigravity.QuoteApp.QuoteWidget;
				PRODUCT_NAME = QuoteWidget;
				SDKROOT = iphoneos;
				SWIFT_VERSION = 5.0;
				TARGETED_DEVICE_FAMILY = 1;
			};
			name = Release;
		};
		6F6F941B2939F8900E3B9035 /* Release */ = {
			isa = XCBuildConfiguration;
			buildSettings = {
				BUNDLE_LOADER = "$(TEST_HOST)";
				DEVELOPMENT_TEAM = 9W24U28U8Q;
				GENERATE_INFOPLIST_FILE = YES;
				IPHONEOS_DEPLOYMENT_TARGET = 17.0;
				LD_RUNPATH_SEARCH_PATHS = (
					"$(inherited)",
					"@executable_path/Frameworks",
					"@loader_path/Frameworks",
				);
				PRODUCT_BUNDLE_IDENTIFIER = com.antigravity.QuoteAppTests;
				SDKROOT = iphoneos;
				SWIFT_VERSION = 5.0;
				TARGETED_DEVICE_FAMILY = "1,2";
				TEST_HOST = "$(BUILT_PRODUCTS_DIR)/MyWords.app/MyWords";
			};
			name = Release;
		};
		8A70541EBFA6CDEB16E4B503 /* Debug */ = {
			isa = XCBuildConfiguration;
			buildSettings = {
				CODE_SIGN_ENTITLEMENTS = Sources/QuoteWidget.entitlements;
				CODE_SIGN_STYLE = Automatic;
				CURRENT_PROJECT_VERSION = 12;
				DEVELOPMENT_TEAM = 9W24U28U8Q;
				INFOPLIST_FILE = com.antigravity.QuoteApp/Info.plist;
				INFOPLIST_KEY_ITSAppUsesNonExemptEncryption = NO;
				IPHONEOS_DEPLOYMENT_TARGET = 17.0;
				LD_RUNPATH_SEARCH_PATHS = (
					"$(inherited)",
					"@executable_path/Frameworks",
					"@executable_path/../../Frameworks",
				);
				MARKETING_VERSION = 1.1.4;
				PRODUCT_BUNDLE_IDENTIFIER = com.antigravity.QuoteApp.QuoteWidget;
				PRODUCT_NAME = QuoteWidget;
				SDKROOT = iphoneos;
				SWIFT_VERSION = 5.0;
				TARGETED_DEVICE_FAMILY = 1;
			};
			name = Debug;
		};
		94A5C34407E527E61C80A706 /* Debug */ = {
			isa = XCBuildConfiguration;
			buildSettings = {
				ASSETCATALOG_COMPILER_APPICON_NAME = AppIcon;
				CODE_SIGN_ENTITLEMENTS = Sources/QuoteApp.entitlements;
				CODE_SIGN_IDENTITY = "iPhone Developer";
				CODE_SIGN_STYLE = Automatic;
				CURRENT_PROJECT_VERSION = 12;
				DEVELOPMENT_TEAM = 9W24U28U8Q;
				GENERATE_INFOPLIST_FILE = YES;
				INFOPLIST_FILE = Info.plist;
				INFOPLIST_KEY_CFBundleDevelopmentRegion = ja;
				INFOPLIST_KEY_CFBundleDisplayName = "Words For Me";
				INFOPLIST_KEY_GOOGLE_ANALYTICS_DEFAULT_ALLOW_AD_PERSONALIZATION_SIGNALS = NO;
				INFOPLIST_KEY_GOOGLE_ANALYTICS_IDFV_COLLECTION_ENABLED = NO;
				INFOPLIST_KEY_ITSAppUsesNonExemptEncryption = NO;
				INFOPLIST_KEY_UILaunchScreen_Generation = YES;
				IPHONEOS_DEPLOYMENT_TARGET = 17.0;
				LD_RUNPATH_SEARCH_PATHS = (
					"$(inherited)",
					"@executable_path/Frameworks",
				);
				MARKETING_VERSION = 1.1.4;
				PRODUCT_BUNDLE_IDENTIFIER = com.antigravity.QuoteApp;
				PRODUCT_NAME = MyWords;
				SDKROOT = iphoneos;
				SWIFT_VERSION = 5.0;
				TARGETED_DEVICE_FAMILY = 1;
			};
			name = Debug;
		};
		A662F98C95314B4DA5C33FBF /* Debug */ = {
			isa = XCBuildConfiguration;
			buildSettings = {
				BUNDLE_LOADER = "$(TEST_HOST)";
				DEVELOPMENT_TEAM = 9W24U28U8Q;
				GENERATE_INFOPLIST_FILE = YES;
				IPHONEOS_DEPLOYMENT_TARGET = 17.0;
				LD_RUNPATH_SEARCH_PATHS = (
					"$(inherited)",
					"@executable_path/Frameworks",
					"@loader_path/Frameworks",
				);
				PRODUCT_BUNDLE_IDENTIFIER = com.antigravity.QuoteAppTests;
				SDKROOT = iphoneos;
				SWIFT_VERSION = 5.0;
				TARGETED_DEVICE_FAMILY = "1,2";
				TEST_HOST = "$(BUILT_PRODUCTS_DIR)/MyWords.app/MyWords";
			};
			name = Debug;
		};
		C34289D2425DA3A365C6329F /* Debug */ = {
			isa = XCBuildConfiguration;
			buildSettings = {
				ALWAYS_SEARCH_USER_PATHS = NO;
				CLANG_ANALYZER_NONNULL = YES;
				CLANG_ANALYZER_NUMBER_OBJECT_CONVERSION = YES_AGGRESSIVE;
				CLANG_CXX_LANGUAGE_STANDARD = "gnu++14";
				CLANG_CXX_LIBRARY = "libc++";
				CLANG_ENABLE_MODULES = YES;
				CLANG_ENABLE_OBJC_ARC = YES;
				CLANG_ENABLE_OBJC_WEAK = YES;
				CLANG_WARN_BLOCK_CAPTURE_AUTORELEASING = YES;
				CLANG_WARN_BOOL_CONVERSION = YES;
				CLANG_WARN_COMMA = YES;
				CLANG_WARN_CONSTANT_CONVERSION = YES;
				CLANG_WARN_DEPRECATED_OBJC_IMPLEMENTATIONS = YES;
				CLANG_WARN_DIRECT_OBJC_ISA_USAGE = YES_ERROR;
				CLANG_WARN_DOCUMENTATION_COMMENTS = YES;
				CLANG_WARN_EMPTY_BODY = YES;
				CLANG_WARN_ENUM_CONVERSION = YES;
				CLANG_WARN_INFINITE_RECURSION = YES;
				CLANG_WARN_INT_CONVERSION = YES;
				CLANG_WARN_NON_LITERAL_NULL_CONVERSION = YES;
				CLANG_WARN_OBJC_IMPLICIT_RETAIN_SELF = YES;
				CLANG_WARN_OBJC_LITERAL_CONVERSION = YES;
				CLANG_WARN_OBJC_ROOT_CLASS = YES_ERROR;
				CLANG_WARN_QUOTED_INCLUDE_IN_FRAMEWORK_HEADER = YES;
				CLANG_WARN_RANGE_LOOP_ANALYSIS = YES;
				CLANG_WARN_STRICT_PROTOTYPES = YES;
				CLANG_WARN_SUSPICIOUS_MOVE = YES;
				CLANG_WARN_UNGUARDED_AVAILABILITY = YES_AGGRESSIVE;
				CLANG_WARN_UNREACHABLE_CODE = YES;
				CLANG_WARN__DUPLICATE_METHOD_MATCH = YES;
				COPY_PHASE_STRIP = NO;
				DEBUG_INFORMATION_FORMAT = dwarf;
				ENABLE_STRICT_OBJC_MSGSEND = YES;
				ENABLE_TESTABILITY = YES;
				GCC_C_LANGUAGE_STANDARD = gnu11;
				GCC_DYNAMIC_NO_PIC = NO;
				GCC_NO_COMMON_BLOCKS = YES;
				GCC_OPTIMIZATION_LEVEL = 0;
				GCC_PREPROCESSOR_DEFINITIONS = (
					"$(inherited)",
					"DEBUG=1",
				);
				GCC_WARN_64_TO_32_BIT_CONVERSION = YES;
				GCC_WARN_ABOUT_RETURN_TYPE = YES_ERROR;
				GCC_WARN_UNDECLARED_SELECTOR = YES;
				GCC_WARN_UNINITIALIZED_AUTOS = YES_AGGRESSIVE;
				GCC_WARN_UNUSED_FUNCTION = YES;
				GCC_WARN_UNUSED_VARIABLE = YES;
				MTL_ENABLE_DEBUG_INFO = INCLUDE_SOURCE;
				MTL_FAST_MATH = YES;
				ONLY_ACTIVE_ARCH = YES;
				PRODUCT_NAME = "$(TARGET_NAME)";
				SDKROOT = iphoneos;
				SWIFT_ACTIVE_COMPILATION_CONDITIONS = DEBUG;
				SWIFT_OPTIMIZATION_LEVEL = "-Onone";
				SWIFT_VERSION = 5.0;
			};
			name = Debug;
		};
		EC2FB3700BB3CAAE6E4764B7 /* Release */ = {
			isa = XCBuildConfiguration;
			buildSettings = {
				ALWAYS_SEARCH_USER_PATHS = NO;
				CLANG_ANALYZER_NONNULL = YES;
				CLANG_ANALYZER_NUMBER_OBJECT_CONVERSION = YES_AGGRESSIVE;
				CLANG_CXX_LANGUAGE_STANDARD = "gnu++14";
				CLANG_CXX_LIBRARY = "libc++";
				CLANG_ENABLE_MODULES = YES;
				CLANG_ENABLE_OBJC_ARC = YES;
				CLANG_ENABLE_OBJC_WEAK = YES;
				CLANG_WARN_BLOCK_CAPTURE_AUTORELEASING = YES;
				CLANG_WARN_BOOL_CONVERSION = YES;
				CLANG_WARN_COMMA = YES;
				CLANG_WARN_CONSTANT_CONVERSION = YES;
				CLANG_WARN_DEPRECATED_OBJC_IMPLEMENTATIONS = YES;
				CLANG_WARN_DIRECT_OBJC_ISA_USAGE = YES_ERROR;
				CLANG_WARN_DOCUMENTATION_COMMENTS = YES;
				CLANG_WARN_EMPTY_BODY = YES;
				CLANG_WARN_ENUM_CONVERSION = YES;
				CLANG_WARN_INFINITE_RECURSION = YES;
				CLANG_WARN_INT_CONVERSION = YES;
				CLANG_WARN_NON_LITERAL_NULL_CONVERSION = YES;
				CLANG_WARN_OBJC_IMPLICIT_RETAIN_SELF = YES;
				CLANG_WARN_OBJC_LITERAL_CONVERSION = YES;
				CLANG_WARN_OBJC_ROOT_CLASS = YES_ERROR;
				CLANG_WARN_QUOTED_INCLUDE_IN_FRAMEWORK_HEADER = YES;
				CLANG_WARN_RANGE_LOOP_ANALYSIS = YES;
				CLANG_WARN_STRICT_PROTOTYPES = YES;
				CLANG_WARN_SUSPICIOUS_MOVE = YES;
				CLANG_WARN_UNGUARDED_AVAILABILITY = YES_AGGRESSIVE;
				CLANG_WARN_UNREACHABLE_CODE = YES;
				CLANG_WARN__DUPLICATE_METHOD_MATCH = YES;
				COPY_PHASE_STRIP = NO;
				DEBUG_INFORMATION_FORMAT = "dwarf-with-dsym";
				ENABLE_NS_ASSERTIONS = NO;
				ENABLE_STRICT_OBJC_MSGSEND = YES;
				GCC_C_LANGUAGE_STANDARD = gnu11;
				GCC_NO_COMMON_BLOCKS = YES;
				GCC_WARN_64_TO_32_BIT_CONVERSION = YES;
				GCC_WARN_ABOUT_RETURN_TYPE = YES_ERROR;
				GCC_WARN_UNDECLARED_SELECTOR = YES;
				GCC_WARN_UNINITIALIZED_AUTOS = YES_AGGRESSIVE;
				GCC_WARN_UNUSED_FUNCTION = YES;
				GCC_WARN_UNUSED_VARIABLE = YES;
				MTL_ENABLE_DEBUG_INFO = NO;
				MTL_FAST_MATH = YES;
				PRODUCT_NAME = "$(TARGET_NAME)";
				SDKROOT = iphoneos;
				SWIFT_COMPILATION_MODE = wholemodule;
				SWIFT_OPTIMIZATION_LEVEL = "-O";
				SWIFT_VERSION = 5.0;
			};
			name = Release;
		};
/* End XCBuildConfiguration section */

/* Begin XCConfigurationList section */
		7469ACCAA340714B599ACE68 /* Build configuration list for PBXNativeTarget "QuoteApp" */ = {
			isa = XCConfigurationList;
			buildConfigurations = (
				94A5C34407E527E61C80A706 /* Debug */,
				4AD789C12309C2B3DE5C6CF6 /* Release */,
			);
			defaultConfigurationIsVisible = 0;
			defaultConfigurationName = Debug;
		};
		96229B68A584E0E0463CDFC7 /* Build configuration list for PBXProject "QuoteApp" */ = {
			isa = XCConfigurationList;
			buildConfigurations = (
				C34289D2425DA3A365C6329F /* Debug */,
				EC2FB3700BB3CAAE6E4764B7 /* Release */,
			);
			defaultConfigurationIsVisible = 0;
			defaultConfigurationName = Debug;
		};
		DB463825CC24A7ABBEC38188 /* Build configuration list for PBXNativeTarget "com.antigravity.QuoteAppExtension" */ = {
			isa = XCConfigurationList;
			buildConfigurations = (
				8A70541EBFA6CDEB16E4B503 /* Debug */,
				5573553AAB4C356F1B99BD95 /* Release */,
			);
			defaultConfigurationIsVisible = 0;
			defaultConfigurationName = Debug;
		};
		E57F8B4DBA5920185189B8A8 /* Build configuration list for PBXNativeTarget "QuoteAppTests" */ = {
			isa = XCConfigurationList;
			buildConfigurations = (
				A662F98C95314B4DA5C33FBF /* Debug */,
				6F6F941B2939F8900E3B9035 /* Release */,
			);
			defaultConfigurationIsVisible = 0;
			defaultConfigurationName = Debug;
		};
/* End XCConfigurationList section */

/* Begin XCRemoteSwiftPackageReference section */
		02BF14634656D72B097FCEF0 /* XCRemoteSwiftPackageReference "purchases-ios" */ = {
			isa = XCRemoteSwiftPackageReference;
			repositoryURL = "https://github.com/RevenueCat/purchases-ios.git";
			requirement = {
				kind = upToNextMajorVersion;
				minimumVersion = 5.59.2;
			};
		};
		A52BCBD2C3FA3C231265BD5E /* XCRemoteSwiftPackageReference "firebase-ios-sdk" */ = {
			isa = XCRemoteSwiftPackageReference;
			repositoryURL = "https://github.com/firebase/firebase-ios-sdk";
			requirement = {
				kind = exactVersion;
				version = 12.10.0;
			};
		};
/* End XCRemoteSwiftPackageReference section */

/* Begin XCSwiftPackageProductDependency section */
		728C4545885380C6C1340C19 /* FirebaseCore */ = {
			isa = XCSwiftPackageProductDependency;
			package = A52BCBD2C3FA3C231265BD5E /* XCRemoteSwiftPackageReference "firebase-ios-sdk" */;
			productName = FirebaseCore;
		};
		A7344C03D99E5EB524AE99B2 /* FirebaseAnalytics */ = {
			isa = XCSwiftPackageProductDependency;
			package = A52BCBD2C3FA3C231265BD5E /* XCRemoteSwiftPackageReference "firebase-ios-sdk" */;
			productName = FirebaseAnalytics;
		};
		F1D0ED7DC3CA9694650D7148 /* RevenueCat */ = {
			isa = XCSwiftPackageProductDependency;
			package = 02BF14634656D72B097FCEF0 /* XCRemoteSwiftPackageReference "purchases-ios" */;
			productName = RevenueCat;
		};
/* End XCSwiftPackageProductDependency section */
	};
	rootObject = D32DD8D8B033D305E062BCD7 /* Project object */;
}
